{
    "packages": [],
    "packages-dev": [
        {
            "name": "composer/ca-bundle",
            "version": "1.2.10",
            "source": {
                "type": "git",
                "url": "https://github.com/composer/ca-bundle.git",
                "reference": "9fdb22c2e97a614657716178093cd1da90a64aa8"
            },
            "dist": {
                "type": "zip",
                "url": "https://api.github.com/repos/composer/ca-bundle/zipball/9fdb22c2e97a614657716178093cd1da90a64aa8",
                "reference": "9fdb22c2e97a614657716178093cd1da90a64aa8",
                "shasum": ""
            }
        }
    ]
}
